
Microsoft Visual Studio Solution File, Format Version 12.00
# Visual Studio Version 17
VisualStudioVersion = 17.5.002.0
MinimumVisualStudioVersion = 10.0.40219.1
Project("{2150E333-8FDC-42A3-9474-1A3956D46DE8}") = "PGenerated", "PGenerated", "{2155AB64-D78B-45F4-9DB4-D76770D8AD81}"
EndProject
Project("{9A19103F-16F7-4668-BE54-9A1E7A4F7556}") = "FlightSystem", "PGenerated\CSharp\FlightSystem.csproj", "{6BFB70ED-96F5-4B09-A81F-C388E32181D8}"
EndProject
Global
	GlobalSection(SolutionConfigurationPlatforms) = preSolution
		Debug|Any CPU = Debug|Any CPU
		Release|Any CPU = Release|Any CPU
	EndGlobalSection
	GlobalSection(ProjectConfigurationPlatforms) = postSolution
		{6BFB70ED-96F5-4B09-A81F-C388E32181D8}.Debug|Any CPU.ActiveCfg = Debug|Any CPU
		{6BFB70ED-96F5-4B09-A81F-C388E32181D8}.Debug|Any CPU.Build.0 = Debug|Any CPU
		{6BFB70ED-96F5-4B09-A81F-C388E32181D8}.Release|Any CPU.ActiveCfg = Release|Any CPU
		{6BFB70ED-96F5-4B09-A81F-C388E32181D8}.Release|Any CPU.Build.0 = Release|Any CPU
	EndGlobalSection
	GlobalSection(SolutionProperties) = preSolution
		HideSolutionNode = FALSE
	EndGlobalSection
	GlobalSection(NestedProjects) = preSolution
		{6BFB70ED-96F5-4B09-A81F-C388E32181D8} = {2155AB64-D78B-45F4-9DB4-D76770D8AD81}
	EndGlobalSection
	GlobalSection(ExtensibilityGlobals) = postSolution
		SolutionGuid = {9B334CB8-37C0-489D-B213-C72281AD9D5B}
	EndGlobalSection
EndGlobal
